
Microsoft Visual Studio Solution File, Format Version 12.00
# Visual Studio Version 17
VisualStudioVersion = 17.10.35122.118
MinimumVisualStudioVersion = 10.0.40219.1
Project("{FAE04EC0-301F-11D3-BF4B-00C04F79EFBC}") = "wlogit", "wlogit\wlogit.csproj", "{AEA8A281-A3F0-43FD-8D8B-4996656A71DC}"
EndProject
Global
	GlobalSection(SolutionConfigurationPlatforms) = preSolution
		Debug|Any CPU = Debug|Any CPU
		Release|Any CPU = Release|Any CPU
	EndGlobalSection
	GlobalSection(ProjectConfigurationPlatforms) = postSolution
		{AEA8A281-A3F0-43FD-8D8B-4996656A71DC}.Debug|Any CPU.ActiveCfg = Debug|Any CPU
		{AEA8A281-A3F0-43FD-8D8B-4996656A71DC}.Debug|Any CPU.Build.0 = Debug|Any CPU
		{AEA8A281-A3F0-43FD-8D8B-4996656A71DC}.Release|Any CPU.ActiveCfg = Release|Any CPU
		{AEA8A281-A3F0-43FD-8D8B-4996656A71DC}.Release|Any CPU.Build.0 = Release|Any CPU
	EndGlobalSection
	GlobalSection(SolutionProperties) = preSolution
		HideSolutionNode = FALSE
	EndGlobalSection
	GlobalSection(ExtensibilityGlobals) = postSolution
		SolutionGuid = {64709358-6135-41E3-B90A-CB1B54867CAA}
	EndGlobalSection
EndGlobal
